-----BEGIN ENCRYPTED PRIVATE KEY-----
MIIJrTBXBgkqhkiG9w0BBQ0wSjApBgkqhkiG9w0BBQwwHAQIwPr8/GmIvtcCAggA
MAwGCCqGSIb3DQIJBQAwHQYJYIZIAWUDBAEqBBB/zjrkP/+5fJwp+NTDArktBIIJ
UKzMiDk+gEmCuMUuBSLS286SRiMyabA4CwfkhbwSZjZGP3b40zzSYKdxTZSMtLz7
bxf0w4tuWETRl6KiK4oZsDZfTGaKEm30oUa154uaVDD0GoK97XC5AUs0yZM3bsVQ
SuzQqjnwiyHmmCb8akG36DisZQU+3gMDIlADIkqfBHcOG7NdFYhJugE/bQZl+bfA
zUn4Vur/wm+OawdYx+WCD5D1AWDpJivmDvIQlyKqhk9SvRlRp/lRXFdHCAGflhWk
bSMoXK4er9G5hCcMmFwni7SyOcPDMUbQkzzoP/XER1sFNzivPA8CoNHxY4QYklxE
yC2Iz91CeT3MkyCP3YqTI4ukladOCfp4r/pSgCTiUKPd0EUVUb+ju0rN8+yIwPTb
TTtS3n+vXjXCRzT/7PuVe0gjUu9jYZOA6X/iAnR9H7/d5qXJ1VPMToHQRKQOUwe/
Xa+ycYpx4QUI34f0uEJOd05ZxEIeBnLG0Rc9564OJv+unrazXjODUoNgXZ1pR9xg
s6qgNDugBRilASbiprwHDJvln2lhI7Ii2nBgukHVyHGcIxdMCWD/CKvqxfeweuzL
m2W2Rwo1/By/SS8Ub8AAW0mmuIO/27pbbpwrH2XUBEHqVGIXpKQK1AhCTU9M9oFq
tJH7ET+Ryz8pSQZXOyCGS7tlIHVbbSeiSVYHaiXBOBVt7x1A1JOEeDaeigvSoFVm
wdyB2rxRZTiirBLO0r/tvDrjEMM9e72O86Y0gfwJSq8R6d5C77C3HVx8YRdQi7tN
HpnNHvC7G5z/jrHFQsyn+gChCUy6Ka+CP9A/SdXxj5SbOkjMzTva56/Lh0GKqS3i
5hmcA0qpn27tvc4B4mfDpb1h3ZdvX1qobobT+cJFQUKUeDGuqOq2aid10Nnlchui
Wq8w+2IYHelCcFnEXVveSNFI+Jp0z989TWSLabhefBHuKeHhpFuTidtNGZD7ixn6
3IE3XscENDISOR8Q1iwcyil7jBxYCnbjxp1voc4RNMPFb0UUffOgZMa+vKv6PFpc
zT4ifPEzId1Fw0s8/M8J20G2Z+WM3Lc982HMh/7c0E1z0wsrPFBhttYhodPaJvMG
SomPKECQPNq6tIOUStLzXMjhH3ijnRL2PupEpbJFSTKWMAzMkUN1Yv7hd6CdTAkj
bM8gFaWxV0aZUYYrcxTvtlb6SdZpLXegCeyo1ofYshYQ6Sqh21G2r1JmNZoIEygz
TMZ/sV5UbzDaOFbI2CG+HAs4NWFteBWNBeBs1mCXbL0nYf7jU7CTvGWodJcFi+2M
GNIy3IoYjaalZRTu0P9l+rS23UlxRPNwVBOVxcd2Q7dSyc6b9xKqhUHxoslVqpuF
ZOkTlTfVbpBzbra3z/EEiErMpVBlIUHS022oKr2UbuTjxcDYoFUVcBf75B4LKTxJ
EkrEorJIwXA9IOXgOLBcYwaUzYyf0hQIcsa1EVoWDmR61wmXK3COTu7iWF73636H
rp+1FJ/RIPuRlK6J8AHpLimu0SGVa3/dcbbLeIMsJuYKs+uDsr6mr6+g9y1kB4fo
aIv1nJrS9kNlyKfgPmiwu+dtrCwnMyFo3tV/wlg/4JYd8bEVe8ZO94mBEAEXfIBL
1bNM6zfPMfqQa7GDpYokd/Ua0g0Fs7h0inj1JOGISfBl/IK0qY/Tf9a/f8ak4tNf
vdurlwBjq0arJpMj1nmpAyNYE648dZjIhDtnuHQPGEdG5dUiCMuHdCTCTDe7cSuA
x7iuJeZSWoQXH8acU9w/Lbi9L3Ja7D880Q2ieK014JZH8kTZiB5hGac1HHnyo2qZ
dk1E5eL2IleuPKqRWNKf2BtdjP58AiTMUrppPx2bgVfbnhu2SVnVunk6Bgn4aBHx
ZSFVbbqGGY29fkxzyLyFnfTPtan53+zdNAeJ4qHU7UKiC+5KEXjGPdwdSrKt6lqX
nUOUGkfk8Zw4yUPdK777tvJFddIuzRUffT8jwnypgh8243uPPI/DR+j9dpQSNewq
t55YkcezX8nuPSjLQWH1LltSlPYwJXIW/6gYrGsuSYHGaDOleUq5QrQA6USAspZu
JV6Kl7wlnTk1vfo+41TFSu9aouBuhkyLTw9QTkkN2DF0lclBQhaXh+aDCH0P+O7B
renjRU/VRLgIYrUb63Nei/kB4SstgVRxyRetVzuOdnHdQQH9z7zYwYSd425iw3m2
RPFv2920RJZienADufU4D/JTNoSCC5BSvZlHhZEYRxg+pSX/B6nqsHaHvyPfyrUf
IIVxmjV+3b/Q4JBEDFUDpAjULjwzzyRulX19xUIEwnfW3j8Ov4kx+opfZ0X9C015
JoLP5XbnLdzaXUjb8xHF3vsMZw03QTSEvH6oLQ+SI+l2BqDvE8BGM733HaRD7gL4
22lDgMNKFFNn43B343Ge8GOJ1EeZerIzMiulo3x4cNN+9ONPeOvWl2NgYUPnybOf
MYQ7kq4caYzqUCY2+n92EKmyh92BH6pOeYx+KxF2+wmVRSXetm70gHZFK62bZxnv
QXA3L9SSfWv8mnq2figT0Eb1ex/4QrJ/e0SquBuehz8cjV+VJOQf0zRhLstMBraF
oaRZPgpQoUwg46PCW+shPBXH6uEjguCEdGWzo6h9zJF958jr9K9Jrf3NrvtI4Rfn
wcLAF73dkAvKDc+P19LdESdjPAhB7mdjeX8tAuIWK97FrVST+6oHOa6vuOjqE4/L
1JXwX9DpDqF4bjiotQJDr5w/5na0gs3KeihlPKlc7hcuKagzT6aRALSB39Dg1U2C
FyCTjGf8w3Pdj1X+54WkSq+tfvnG88IdHU5JIFgh5S+iFrCkQRaETqe7ZIt2drmz
qU592DvkfCi3o7aKgrh05Z15sOKuaJG5P38M18rRpizyX5kfzjFNfilTkN4DM/x5
EzB/P7rz6fxPiTi3fn+TnuSFvpOjmbL5Aoa2Y/VifHcJdaMpzHyjt2PvMXgM69ef
sRFfBfxkdFk6+5+nlUA8CxxLBkG7SKKlgH/1wZfXhP6nSt5t6j5QKVonoqom+B/e
EYesUUfP3Bhod9MrzqJgmrAm5UZ+3ggXg1mkNya9mg6p0aJKgI7Zc9a1sZG90AIM
WItm5py1kLHDNStp7F1T9FF9nD+LHw7iuHbNKVPp9mbBnqV6ZSITfmjKNjbvWK6l
tIjLvCgDkoE7VfCduGpYOMQ3S3SdWCpAXqFLZ1ZgxOPy
-----END ENCRYPTED PRIVATE KEY-----
